// !$*UTF8*$!
{
	archiveVersion = 1;
	classes = {
	};
	objectVersion = 52;
	objects = {

/* Begin PBXBuildFile section */
		904F190025D673C4008ED94B /* ImageRetriever.swift in Sources */ = {isa = PBXBuildFile; fileRef = 904F18FF25D673C4008ED94B /* ImageRetriever.swift */; };
		904F190525D678FC008ED94B /* ImageCacheDownloaderTests.swift in Sources */ = {isa = PBXBuildFile; fileRef = 904F190425D678FC008ED94B /* ImageCacheDownloaderTests.swift */; };
		904F190A25D67BFF008ED94B /* TestImage.xcassets in Resources */ = {isa = PBXBuildFile; fileRef = 904F190925D67BFF008ED94B /* TestImage.xcassets */; };
		904F191525D69666008ED94B /* Color+LeBconCoin.swift in Sources */ = {isa = PBXBuildFile; fileRef = 904F191425D69666008ED94B /* Color+LeBconCoin.swift */; };
		904F193425D6CF71008ED94B /* Image+LeBonCoin.swift in Sources */ = {isa = PBXBuildFile; fileRef = 904F193325D6CF71008ED94B /* Image+LeBonCoin.swift */; };
		906AC5E225D2DA8600708FB1 /* AppDelegate.swift in Sources */ = {isa = PBXBuildFile; fileRef = 906AC5E125D2DA8600708FB1 /* AppDelegate.swift */; };
		906AC5E425D2DA8600708FB1 /* SceneDelegate.swift in Sources */ = {isa = PBXBuildFile; fileRef = 906AC5E325D2DA8600708FB1 /* SceneDelegate.swift */; };
		906AC5EB25D2DA8700708FB1 /* Assets.xcassets in Resources */ = {isa = PBXBuildFile; fileRef = 906AC5EA25D2DA8700708FB1 /* Assets.xcassets */; };
		906AC5EE25D2DA8700708FB1 /* LaunchScreen.storyboard in Resources */ = {isa = PBXBuildFile; fileRef = 906AC5EC25D2DA8700708FB1 /* LaunchScreen.storyboard */; };
		906AC5F925D2DEA400708FB1 /* OffersListViewController.swift in Sources */ = {isa = PBXBuildFile; fileRef = 906AC5F825D2DEA400708FB1 /* OffersListViewController.swift */; };
		906AC60725D2E09100708FB1 /* LBCDataProvider.framework in Frameworks */ = {isa = PBXBuildFile; fileRef = 906AC60025D2E09100708FB1 /* LBCDataProvider.framework */; };
		906AC60825D2E09100708FB1 /* LBCDataProvider.framework in Embed Frameworks */ = {isa = PBXBuildFile; fileRef = 906AC60025D2E09100708FB1 /* LBCDataProvider.framework */; settings = {ATTRIBUTES = (CodeSignOnCopy, RemoveHeadersOnCopy, ); }; };
		906AC61025D2E0BF00708FB1 /* Model.swift in Sources */ = {isa = PBXBuildFile; fileRef = 906AC60F25D2E0BF00708FB1 /* Model.swift */; };
		906AC62725D2F29E00708FB1 /* DataProvider.swift in Sources */ = {isa = PBXBuildFile; fileRef = 906AC62625D2F29E00708FB1 /* DataProvider.swift */; };
		9078C8CF25D3D18900701232 /* LBCDataProviderDecoderTests.swift in Sources */ = {isa = PBXBuildFile; fileRef = 9078C8CE25D3D18900701232 /* LBCDataProviderDecoderTests.swift */; };
		9078C8D125D3D18900701232 /* LBCDataProvider.framework in Frameworks */ = {isa = PBXBuildFile; fileRef = 906AC60025D2E09100708FB1 /* LBCDataProvider.framework */; platformFilter = ios; };
		9078C8DC25D3D98F00701232 /* Category.json in Resources */ = {isa = PBXBuildFile; fileRef = 9078C8DB25D3D98F00701232 /* Category.json */; };
		9078C8E025D3D9B000701232 /* Offers.json in Resources */ = {isa = PBXBuildFile; fileRef = 9078C8DF25D3D9B000701232 /* Offers.json */; };
		9078C8E925D3ED1500701232 /* Repository.swift in Sources */ = {isa = PBXBuildFile; fileRef = 9078C8E825D3ED1500701232 /* Repository.swift */; };
		9078C91225D5264F00701232 /* CategoriesFilterTableViewController.swift in Sources */ = {isa = PBXBuildFile; fileRef = 9078C91125D5264F00701232 /* CategoriesFilterTableViewController.swift */; };
		9078C91725D52FD900701232 /* UIOffer.swift in Sources */ = {isa = PBXBuildFile; fileRef = 9078C91625D52FD900701232 /* UIOffer.swift */; };
		9078C91B25D5303500701232 /* UICategory.swift in Sources */ = {isa = PBXBuildFile; fileRef = 9078C91A25D5303500701232 /* UICategory.swift */; };
		9078C92025D5306A00701232 /* UIModelFactory.swift in Sources */ = {isa = PBXBuildFile; fileRef = 9078C91F25D5306A00701232 /* UIModelFactory.swift */; };
		9078C92725D5311000701232 /* OffersViewModel.swift in Sources */ = {isa = PBXBuildFile; fileRef = 9078C92625D5311000701232 /* OffersViewModel.swift */; };
		9078C92D25D531B000701232 /* OfferDetailViewController.swift in Sources */ = {isa = PBXBuildFile; fileRef = 9078C92C25D531B000701232 /* OfferDetailViewController.swift */; };
		9078C93925D531C800701232 /* LeBonCoinTests.swift in Sources */ = {isa = PBXBuildFile; fileRef = 9078C93825D531C800701232 /* LeBonCoinTests.swift */; };
		9078C94A25D5405200701232 /* UIModelFactoryTests.swift in Sources */ = {isa = PBXBuildFile; fileRef = 9078C94925D5405200701232 /* UIModelFactoryTests.swift */; };
		9078C94F25D5428100701232 /* UIOfferTests.swift in Sources */ = {isa = PBXBuildFile; fileRef = 9078C94E25D5428100701232 /* UIOfferTests.swift */; };
		9078C95525D55F3400701232 /* OfferTableViewCell.swift in Sources */ = {isa = PBXBuildFile; fileRef = 9078C95425D55F3400701232 /* OfferTableViewCell.swift */; };
		9078C95B25D55F6F00701232 /* UsesAutoLayoutPropertyWrapper.swift in Sources */ = {isa = PBXBuildFile; fileRef = 9078C95A25D55F6F00701232 /* UsesAutoLayoutPropertyWrapper.swift */; };
		9078C96A25D565FC00701232 /* OffersViewModelTests.swift in Sources */ = {isa = PBXBuildFile; fileRef = 9078C96925D565FC00701232 /* OffersViewModelTests.swift */; };
		90A4A17825D2F341000C09E2 /* Networking.swift in Sources */ = {isa = PBXBuildFile; fileRef = 90A4A17725D2F341000C09E2 /* Networking.swift */; };
/* End PBXBuildFile section */

/* Begin PBXContainerItemProxy section */
		906AC60525D2E09100708FB1 /* PBXContainerItemProxy */ = {
			isa = PBXContainerItemProxy;
			containerPortal = 906AC5D625D2DA8600708FB1 /* Project object */;
			proxyType = 1;
			remoteGlobalIDString = 906AC5FF25D2E09100708FB1;
			remoteInfo = LBCNetwork;
		};
		9078C8D225D3D18900701232 /* PBXContainerItemProxy */ = {
			isa = PBXContainerItemProxy;
			containerPortal = 906AC5D625D2DA8600708FB1 /* Project object */;
			proxyType = 1;
			remoteGlobalIDString = 906AC5FF25D2E09100708FB1;
			remoteInfo = LBCDataProvider;
		};
		9078C93B25D531C800701232 /* PBXContainerItemProxy */ = {
			isa = PBXContainerItemProxy;
			containerPortal = 906AC5D625D2DA8600708FB1 /* Project object */;
			proxyType = 1;
			remoteGlobalIDString = 906AC5DD25D2DA8600708FB1;
			remoteInfo = LeBonCoin;
		};
/* End PBXContainerItemProxy section */

/* Begin PBXCopyFilesBuildPhase section */
		906AC60C25D2E09100708FB1 /* Embed Frameworks */ = {
			isa = PBXCopyFilesBuildPhase;
			buildActionMask = 2147483647;
			dstPath = "";
			dstSubfolderSpec = 10;
			files = (
				906AC60825D2E09100708FB1 /* LBCDataProvider.framework in Embed Frameworks */,
			);
			name = "Embed Frameworks";
			runOnlyForDeploymentPostprocessing = 0;
		};
/* End PBXCopyFilesBuildPhase section */

/* Begin PBXFileReference section */
		904F18FF25D673C4008ED94B /* ImageRetriever.swift */ = {isa = PBXFileReference; lastKnownFileType = sourcecode.swift; path = ImageRetriever.swift; sourceTree = "<group>"; };
		904F190425D678FC008ED94B /* ImageCacheDownloaderTests.swift */ = {isa = PBXFileReference; lastKnownFileType = sourcecode.swift; path = ImageCacheDownloaderTests.swift; sourceTree = "<group>"; };
		904F190925D67BFF008ED94B /* TestImage.xcassets */ = {isa = PBXFileReference; lastKnownFileType = folder.assetcatalog; path = TestImage.xcassets; sourceTree = "<group>"; };
		904F191425D69666008ED94B /* Color+LeBconCoin.swift */ = {isa = PBXFileReference; lastKnownFileType = sourcecode.swift; path = "Color+LeBconCoin.swift"; sourceTree = "<group>"; };
		904F193325D6CF71008ED94B /* Image+LeBonCoin.swift */ = {isa = PBXFileReference; lastKnownFileType = sourcecode.swift; path = "Image+LeBonCoin.swift"; sourceTree = "<group>"; };
		906AC5DE25D2DA8600708FB1 /* LeBonCoin.app */ = {isa = PBXFileReference; explicitFileType = wrapper.application; includeInIndex = 0; path = LeBonCoin.app; sourceTree = BUILT_PRODUCTS_DIR; };
		906AC5E125D2DA8600708FB1 /* AppDelegate.swift */ = {isa = PBXFileReference; lastKnownFileType = sourcecode.swift; path = AppDelegate.swift; sourceTree = "<group>"; };
		906AC5E325D2DA8600708FB1 /* SceneDelegate.swift */ = {isa = PBXFileReference; lastKnownFileType = sourcecode.swift; path = SceneDelegate.swift; sourceTree = "<group>"; };
		906AC5EA25D2DA8700708FB1 /* Assets.xcassets */ = {isa = PBXFileReference; lastKnownFileType = folder.assetcatalog; path = Assets.xcassets; sourceTree = "<group>"; };
		906AC5ED25D2DA8700708FB1 /* Base */ = {isa = PBXFileReference; lastKnownFileType = file.storyboard; name = Base; path = Base.lproj/LaunchScreen.storyboard; sourceTree = "<group>"; };
		906AC5EF25D2DA8700708FB1 /* Info.plist */ = {isa = PBXFileReference; lastKnownFileType = text.plist.xml; path = Info.plist; sourceTree = "<group>"; };
		906AC5F825D2DEA400708FB1 /* OffersListViewController.swift */ = {isa = PBXFileReference; lastKnownFileType = sourcecode.swift; path = OffersListViewController.swift; sourceTree = "<group>"; };
		906AC60025D2E09100708FB1 /* LBCDataProvider.framework */ = {isa = PBXFileReference; explicitFileType = wrapper.framework; includeInIndex = 0; path = LBCDataProvider.framework; sourceTree = BUILT_PRODUCTS_DIR; };
		906AC60325D2E09100708FB1 /* Info.plist */ = {isa = PBXFileReference; lastKnownFileType = text.plist.xml; path = Info.plist; sourceTree = "<group>"; };
		906AC60F25D2E0BF00708FB1 /* Model.swift */ = {isa = PBXFileReference; lastKnownFileType = sourcecode.swift; path = Model.swift; sourceTree = "<group>"; };
		906AC62625D2F29E00708FB1 /* DataProvider.swift */ = {isa = PBXFileReference; lastKnownFileType = sourcecode.swift; path = DataProvider.swift; sourceTree = "<group>"; };
		9078C8CC25D3D18900701232 /* LBCDataProviderTests.xctest */ = {isa = PBXFileReference; explicitFileType = wrapper.cfbundle; includeInIndex = 0; path = LBCDataProviderTests.xctest; sourceTree = BUILT_PRODUCTS_DIR; };
		9078C8CE25D3D18900701232 /* LBCDataProviderDecoderTests.swift */ = {isa = PBXFileReference; lastKnownFileType = sourcecode.swift; path = LBCDataProviderDecoderTests.swift; sourceTree = "<group>"; };
		9078C8D025D3D18900701232 /* Info.plist */ = {isa = PBXFileReference; lastKnownFileType = text.plist.xml; path = Info.plist; sourceTree = "<group>"; };
		9078C8DB25D3D98F00701232 /* Category.json */ = {isa = PBXFileReference; lastKnownFileType = text.json; path = Category.json; sourceTree = "<group>"; };
		9078C8DF25D3D9B000701232 /* Offers.json */ = {isa = PBXFileReference; lastKnownFileType = text.json; path = Offers.json; sourceTree = "<group>"; };
		9078C8E825D3ED1500701232 /* Repository.swift */ = {isa = PBXFileReference; lastKnownFileType = sourcecode.swift; path = Repository.swift; sourceTree = "<group>"; };
		9078C91125D5264F00701232 /* CategoriesFilterTableViewController.swift */ = {isa = PBXFileReference; lastKnownFileType = sourcecode.swift; path = CategoriesFilterTableViewController.swift; sourceTree = "<group>"; };
		9078C91625D52FD900701232 /* UIOffer.swift */ = {isa = PBXFileReference; lastKnownFileType = sourcecode.swift; path = UIOffer.swift; sourceTree = "<group>"; };
		9078C91A25D5303500701232 /* UICategory.swift */ = {isa = PBXFileReference; lastKnownFileType = sourcecode.swift; path = UICategory.swift; sourceTree = "<group>"; };
		9078C91F25D5306A00701232 /* UIModelFactory.swift */ = {isa = PBXFileReference; lastKnownFileType = sourcecode.swift; path = UIModelFactory.swift; sourceTree = "<group>"; };
		9078C92625D5311000701232 /* OffersViewModel.swift */ = {isa = PBXFileReference; lastKnownFileType = sourcecode.swift; path = OffersViewModel.swift; sourceTree = "<group>"; };
		9078C92C25D531B000701232 /* OfferDetailViewController.swift */ = {isa = PBXFileReference; lastKnownFileType = sourcecode.swift; path = OfferDetailViewController.swift; sourceTree = "<group>"; };
		9078C93625D531C800701232 /* LeBonCoinTests.xctest */ = {isa = PBXFileReference; explicitFileType = wrapper.cfbundle; includeInIndex = 0; path = LeBonCoinTests.xctest; sourceTree = BUILT_PRODUCTS_DIR; };
		9078C93825D531C800701232 /* LeBonCoinTests.swift */ = {isa = PBXFileReference; lastKnownFileType = sourcecode.swift; path = LeBonCoinTests.swift; sourceTree = "<group>"; };
		9078C93A25D531C800701232 /* Info.plist */ = {isa = PBXFileReference; lastKnownFileType = text.plist.xml; path = Info.plist; sourceTree = "<group>"; };
		9078C94925D5405200701232 /* UIModelFactoryTests.swift */ = {isa = PBXFileReference; lastKnownFileType = sourcecode.swift; path = UIModelFactoryTests.swift; sourceTree = "<group>"; };
		9078C94E25D5428100701232 /* UIOfferTests.swift */ = {isa = PBXFileReference; lastKnownFileType = sourcecode.swift; path = UIOfferTests.swift; sourceTree = "<group>"; };
		9078C95425D55F3400701232 /* OfferTableViewCell.swift */ = {isa = PBXFileReference; lastKnownFileType = sourcecode.swift; path = OfferTableViewCell.swift; sourceTree = "<group>"; };
		9078C95A25D55F6F00701232 /* UsesAutoLayoutPropertyWrapper.swift */ = {isa = PBXFileReference; lastKnownFileType = sourcecode.swift; path = UsesAutoLayoutPropertyWrapper.swift; sourceTree = "<group>"; };
		9078C96925D565FC00701232 /* OffersViewModelTests.swift */ = {isa = PBXFileReference; lastKnownFileType = sourcecode.swift; path = OffersViewModelTests.swift; sourceTree = "<group>"; };
		90A4A17725D2F341000C09E2 /* Networking.swift */ = {isa = PBXFileReference; lastKnownFileType = sourcecode.swift; path = Networking.swift; sourceTree = "<group>"; };
/* End PBXFileReference section */

/* Begin PBXFrameworksBuildPhase section */
		906AC5DB25D2DA8600708FB1 /* Frameworks */ = {
			isa = PBXFrameworksBuildPhase;
			buildActionMask = 2147483647;
			files = (
				906AC60725D2E09100708FB1 /* LBCDataProvider.framework in Frameworks */,
			);
			runOnlyForDeploymentPostprocessing = 0;
		};
		906AC5FD25D2E09100708FB1 /* Frameworks */ = {
			isa = PBXFrameworksBuildPhase;
			buildActionMask = 2147483647;
			files = (
			);
			runOnlyForDeploymentPostprocessing = 0;
		};
		9078C8C925D3D18900701232 /* Frameworks */ = {
			isa = PBXFrameworksBuildPhase;
			buildActionMask = 2147483647;
			files = (
				9078C8D125D3D18900701232 /* LBCDataProvider.framework in Frameworks */,
			);
			runOnlyForDeploymentPostprocessing = 0;
		};
		9078C93325D531C800701232 /* Frameworks */ = {
			isa = PBXFrameworksBuildPhase;
			buildActionMask = 2147483647;
			files = (
			);
			runOnlyForDeploymentPostprocessing = 0;
		};
/* End PBXFrameworksBuildPhase section */

/* Begin PBXGroup section */
		904F18FE25D673AA008ED94B /* Utils */ = {
			isa = PBXGroup;
			children = (
				904F18FF25D673C4008ED94B /* ImageRetriever.swift */,
				904F191425D69666008ED94B /* Color+LeBconCoin.swift */,
				904F193325D6CF71008ED94B /* Image+LeBonCoin.swift */,
			);
			path = Utils;
			sourceTree = "<group>";
		};
		906AC5D525D2DA8600708FB1 = {
			isa = PBXGroup;
			children = (
				906AC5E025D2DA8600708FB1 /* LeBonCoin */,
				906AC60125D2E09100708FB1 /* LBCDataProvider */,
				9078C8CD25D3D18900701232 /* LBCDataProviderTests */,
				9078C93725D531C800701232 /* LeBonCoinTests */,
				906AC5DF25D2DA8600708FB1 /* Products */,
			);
			sourceTree = "<group>";
		};
		906AC5DF25D2DA8600708FB1 /* Products */ = {
			isa = PBXGroup;
			children = (
				906AC5DE25D2DA8600708FB1 /* LeBonCoin.app */,
				906AC60025D2E09100708FB1 /* LBCDataProvider.framework */,
				9078C8CC25D3D18900701232 /* LBCDataProviderTests.xctest */,
				9078C93625D531C800701232 /* LeBonCoinTests.xctest */,
			);
			name = Products;
			sourceTree = "<group>";
		};
		906AC5E025D2DA8600708FB1 /* LeBonCoin */ = {
			isa = PBXGroup;
			children = (
				904F18FE25D673AA008ED94B /* Utils */,
				9078C91525D52FC800701232 /* Model */,
				9078C92525D530F000701232 /* ViewModel */,
				9078C95325D55F1400701232 /* ViewController */,
				9078C96525D55FAF00701232 /* View */,
				9078C95925D55F4C00701232 /* Extension */,
				906AC5E125D2DA8600708FB1 /* AppDelegate.swift */,
				906AC5E325D2DA8600708FB1 /* SceneDelegate.swift */,
				906AC5EA25D2DA8700708FB1 /* Assets.xcassets */,
				906AC5EC25D2DA8700708FB1 /* LaunchScreen.storyboard */,
				906AC5EF25D2DA8700708FB1 /* Info.plist */,
			);
			path = LeBonCoin;
			sourceTree = "<group>";
		};
		906AC60125D2E09100708FB1 /* LBCDataProvider */ = {
			isa = PBXGroup;
			children = (
				906AC60325D2E09100708FB1 /* Info.plist */,
				906AC60F25D2E0BF00708FB1 /* Model.swift */,
				906AC62625D2F29E00708FB1 /* DataProvider.swift */,
				90A4A17725D2F341000C09E2 /* Networking.swift */,
			);
			path = LBCDataProvider;
			sourceTree = "<group>";
		};
		9078C8CD25D3D18900701232 /* LBCDataProviderTests */ = {
			isa = PBXGroup;
			children = (
				9078C8CE25D3D18900701232 /* LBCDataProviderDecoderTests.swift */,
				9078C8D025D3D18900701232 /* Info.plist */,
				9078C8DB25D3D98F00701232 /* Category.json */,
				9078C8DF25D3D9B000701232 /* Offers.json */,
			);
			path = LBCDataProviderTests;
			sourceTree = "<group>";
		};
		9078C91525D52FC800701232 /* Model */ = {
			isa = PBXGroup;
			children = (
				9078C8E825D3ED1500701232 /* Repository.swift */,
				9078C91E25D5305600701232 /* Factory */,
				9078C91625D52FD900701232 /* UIOffer.swift */,
				9078C91A25D5303500701232 /* UICategory.swift */,
			);
			path = Model;
			sourceTree = "<group>";
		};
		9078C91E25D5305600701232 /* Factory */ = {
			isa = PBXGroup;
			children = (
				9078C91F25D5306A00701232 /* UIModelFactory.swift */,
			);
			path = Factory;
			sourceTree = "<group>";
		};
		9078C92525D530F000701232 /* ViewModel */ = {
			isa = PBXGroup;
			children = (
				9078C92625D5311000701232 /* OffersViewModel.swift */,
			);
			path = ViewModel;
			sourceTree = "<group>";
		};
		9078C93725D531C800701232 /* LeBonCoinTests */ = {
			isa = PBXGroup;
			children = (
				9078C93825D531C800701232 /* LeBonCoinTests.swift */,
				9078C93A25D531C800701232 /* Info.plist */,
				9078C94925D5405200701232 /* UIModelFactoryTests.swift */,
				9078C94E25D5428100701232 /* UIOfferTests.swift */,
				9078C96925D565FC00701232 /* OffersViewModelTests.swift */,
				904F190425D678FC008ED94B /* ImageCacheDownloaderTests.swift */,
				904F190925D67BFF008ED94B /* TestImage.xcassets */,
			);
			path = LeBonCoinTests;
			sourceTree = "<group>";
		};
		9078C95325D55F1400701232 /* ViewController */ = {
			isa = PBXGroup;
			children = (
				9078C91125D5264F00701232 /* CategoriesFilterTableViewController.swift */,
				906AC5F825D2DEA400708FB1 /* OffersListViewController.swift */,
				9078C92C25D531B000701232 /* OfferDetailViewController.swift */,
			);
			path = ViewController;
			sourceTree = "<group>";
		};
		9078C95925D55F4C00701232 /* Extension */ = {
			isa = PBXGroup;
			children = (
				9078C95A25D55F6F00701232 /* UsesAutoLayoutPropertyWrapper.swift */,
			);
			path = Extension;
			sourceTree = "<group>";
		};
		9078C96525D55FAF00701232 /* View */ = {
			isa = PBXGroup;
			children = (
				9078C95425D55F3400701232 /* OfferTableViewCell.swift */,
			);
			path = View;
			sourceTree = "<group>";
		};
/* End PBXGroup section */

/* Begin PBXHeadersBuildPhase section */
		906AC5FB25D2E09100708FB1 /* Headers */ = {
			isa = PBXHeadersBuildPhase;
			buildActionMask = 2147483647;
			files = (
			);
			runOnlyForDeploymentPostprocessing = 0;
		};
/* End PBXHeadersBuildPhase section */

/* Begin PBXNativeTarget section */
		906AC5DD25D2DA8600708FB1 /* LeBonCoin */ = {
			isa = PBXNativeTarget;
			buildConfigurationList = 906AC5F225D2DA8700708FB1 /* Build configuration list for PBXNativeTarget "LeBonCoin" */;
			buildPhases = (
				906AC5DA25D2DA8600708FB1 /* Sources */,
				906AC5DB25D2DA8600708FB1 /* Frameworks */,
				906AC5DC25D2DA8600708FB1 /* Resources */,
				906AC60C25D2E09100708FB1 /* Embed Frameworks */,
			);
			buildRules = (
			);
			dependencies = (
				906AC60625D2E09100708FB1 /* PBXTargetDependency */,
			);
			name = LeBonCoin;
			productName = LeBonCoin;
			productReference = 906AC5DE25D2DA8600708FB1 /* LeBonCoin.app */;
			productType = "com.apple.product-type.application";
		};
		906AC5FF25D2E09100708FB1 /* LBCDataProvider */ = {
			isa = PBXNativeTarget;
			buildConfigurationList = 906AC60925D2E09100708FB1 /* Build configuration list for PBXNativeTarget "LBCDataProvider" */;
			buildPhases = (
				906AC5FB25D2E09100708FB1 /* Headers */,
				906AC5FC25D2E09100708FB1 /* Sources */,
				906AC5FD25D2E09100708FB1 /* Frameworks */,
				906AC5FE25D2E09100708FB1 /* Resources */,
			);
			buildRules = (
			);
			dependencies = (
			);
			name = LBCDataProvider;
			productName = LBCNetwork;
			productReference = 906AC60025D2E09100708FB1 /* LBCDataProvider.framework */;
			productType = "com.apple.product-type.framework";
		};
		9078C8CB25D3D18900701232 /* LBCDataProviderTests */ = {
			isa = PBXNativeTarget;
			buildConfigurationList = 9078C8D425D3D18900701232 /* Build configuration list for PBXNativeTarget "LBCDataProviderTests" */;
			buildPhases = (
				9078C8C825D3D18900701232 /* Sources */,
				9078C8C925D3D18900701232 /* Frameworks */,
				9078C8CA25D3D18900701232 /* Resources */,
			);
			buildRules = (
			);
			dependencies = (
				9078C8D325D3D18900701232 /* PBXTargetDependency */,
			);
			name = LBCDataProviderTests;
			productName = LBCDataProviderTests;
			productReference = 9078C8CC25D3D18900701232 /* LBCDataProviderTests.xctest */;
			productType = "com.apple.product-type.bundle.unit-test";
		};
		9078C93525D531C800701232 /* LeBonCoinTests */ = {
			isa = PBXNativeTarget;
			buildConfigurationList = 9078C93D25D531C800701232 /* Build configuration list for PBXNativeTarget "LeBonCoinTests" */;
			buildPhases = (
				9078C93225D531C800701232 /* Sources */,
				9078C93325D531C800701232 /* Frameworks */,
				9078C93425D531C800701232 /* Resources */,
			);
			buildRules = (
			);
			dependencies = (
				9078C93C25D531C800701232 /* PBXTargetDependency */,
			);
			name = LeBonCoinTests;
			productName = LeBonCoinTests;
			productReference = 9078C93625D531C800701232 /* LeBonCoinTests.xctest */;
			productType = "com.apple.product-type.bundle.unit-test";
		};
/* End PBXNativeTarget section */

/* Begin PBXProject section */
		906AC5D625D2DA8600708FB1 /* Project object */ = {
			isa = PBXProject;
			attributes = {
				LastSwiftUpdateCheck = 1240;
				LastUpgradeCheck = 1240;
				TargetAttributes = {
					906AC5DD25D2DA8600708FB1 = {
						CreatedOnToolsVersion = 12.4;
					};
					906AC5FF25D2E09100708FB1 = {
						CreatedOnToolsVersion = 12.4;
						LastSwiftMigration = 1240;
					};
					9078C8CB25D3D18900701232 = {
						CreatedOnToolsVersion = 12.4;
					};
					9078C93525D531C800701232 = {
						CreatedOnToolsVersion = 12.4;
						TestTargetID = 906AC5DD25D2DA8600708FB1;
					};
				};
			};
			buildConfigurationList = 906AC5D925D2DA8600708FB1 /* Build configuration list for PBXProject "LeBonCoin" */;
			compatibilityVersion = "Xcode 9.3";
			developmentRegion = en;
			hasScannedForEncodings = 0;
			knownRegions = (
				en,
				Base,
			);
			mainGroup = 906AC5D525D2DA8600708FB1;
			productRefGroup = 906AC5DF25D2DA8600708FB1 /* Products */;
			projectDirPath = "";
			projectRoot = "";
			targets = (
				906AC5DD25D2DA8600708FB1 /* LeBonCoin */,
				906AC5FF25D2E09100708FB1 /* LBCDataProvider */,
				9078C8CB25D3D18900701232 /* LBCDataProviderTests */,
				9078C93525D531C800701232 /* LeBonCoinTests */,
			);
		};
/* End PBXProject section */

/* Begin PBXResourcesBuildPhase section */
		906AC5DC25D2DA8600708FB1 /* Resources */ = {
			isa = PBXResourcesBuildPhase;
			buildActionMask = 2147483647;
			files = (
				906AC5EE25D2DA8700708FB1 /* LaunchScreen.storyboard in Resources */,
				906AC5EB25D2DA8700708FB1 /* Assets.xcassets in Resources */,
			);
			runOnlyForDeploymentPostprocessing = 0;
		};
		906AC5FE25D2E09100708FB1 /* Resources */ = {
			isa = PBXResourcesBuildPhase;
			buildActionMask = 2147483647;
			files = (
			);
			runOnlyForDeploymentPostprocessing = 0;
		};
		9078C8CA25D3D18900701232 /* Resources */ = {
			isa = PBXResourcesBuildPhase;
			buildActionMask = 2147483647;
			files = (
				9078C8E025D3D9B000701232 /* Offers.json in Resources */,
				9078C8DC25D3D98F00701232 /* Category.json in Resources */,
			);
			runOnlyForDeploymentPostprocessing = 0;
		};
		9078C93425D531C800701232 /* Resources */ = {
			isa = PBXResourcesBuildPhase;
			buildActionMask = 2147483647;
			files = (
				904F190A25D67BFF008ED94B /* TestImage.xcassets in Resources */,
			);
			runOnlyForDeploymentPostprocessing = 0;
		};
/* End PBXResourcesBuildPhase section */

/* Begin PBXSourcesBuildPhase section */
		906AC5DA25D2DA8600708FB1 /* Sources */ = {
			isa = PBXSourcesBuildPhase;
			buildActionMask = 2147483647;
			files = (
				904F190025D673C4008ED94B /* ImageRetriever.swift in Sources */,
				906AC5E225D2DA8600708FB1 /* AppDelegate.swift in Sources */,
				906AC5F925D2DEA400708FB1 /* OffersListViewController.swift in Sources */,
				904F193425D6CF71008ED94B /* Image+LeBonCoin.swift in Sources */,
				9078C95525D55F3400701232 /* OfferTableViewCell.swift in Sources */,
				906AC5E425D2DA8600708FB1 /* SceneDelegate.swift in Sources */,
				9078C8E925D3ED1500701232 /* Repository.swift in Sources */,
				9078C92D25D531B000701232 /* OfferDetailViewController.swift in Sources */,
				9078C91725D52FD900701232 /* UIOffer.swift in Sources */,
				9078C92725D5311000701232 /* OffersViewModel.swift in Sources */,
				9078C91225D5264F00701232 /* CategoriesFilterTableViewController.swift in Sources */,
				9078C92025D5306A00701232 /* UIModelFactory.swift in Sources */,
				9078C91B25D5303500701232 /* UICategory.swift in Sources */,
				9078C95B25D55F6F00701232 /* UsesAutoLayoutPropertyWrapper.swift in Sources */,
				904F191525D69666008ED94B /* Color+LeBconCoin.swift in Sources */,
			);
			runOnlyForDeploymentPostprocessing = 0;
		};
		906AC5FC25D2E09100708FB1 /* Sources */ = {
			isa = PBXSourcesBuildPhase;
			buildActionMask = 2147483647;
			files = (
				90A4A17825D2F341000C09E2 /* Networking.swift in Sources */,
				906AC62725D2F29E00708FB1 /* DataProvider.swift in Sources */,
				906AC61025D2E0BF00708FB1 /* Model.swift in Sources */,
			);
			runOnlyForDeploymentPostprocessing = 0;
		};
		9078C8C825D3D18900701232 /* Sources */ = {
			isa = PBXSourcesBuildPhase;
			buildActionMask = 2147483647;
			files = (
				9078C8CF25D3D18900701232 /* LBCDataProviderDecoderTests.swift in Sources */,
			);
			runOnlyForDeploymentPostprocessing = 0;
		};
		9078C93225D531C800701232 /* Sources */ = {
			isa = PBXSourcesBuildPhase;
			buildActionMask = 2147483647;
			files = (
				9078C94A25D5405200701232 /* UIModelFactoryTests.swift in Sources */,
				9078C96A25D565FC00701232 /* OffersViewModelTests.swift in Sources */,
				9078C94F25D5428100701232 /* UIOfferTests.swift in Sources */,
				9078C93925D531C800701232 /* LeBonCoinTests.swift in Sources */,
				904F190525D678FC008ED94B /* ImageCacheDownloaderTests.swift in Sources */,
			);
			runOnlyForDeploymentPostprocessing = 0;
		};
/* End PBXSourcesBuildPhase section */

/* Begin PBXTargetDependency section */
		906AC60625D2E09100708FB1 /* PBXTargetDependency */ = {
			isa = PBXTargetDependency;
			target = 906AC5FF25D2E09100708FB1 /* LBCDataProvider */;
			targetProxy = 906AC60525D2E09100708FB1 /* PBXContainerItemProxy */;
		};
		9078C8D325D3D18900701232 /* PBXTargetDependency */ = {
			isa = PBXTargetDependency;
			platformFilter = ios;
			target = 906AC5FF25D2E09100708FB1 /* LBCDataProvider */;
			targetProxy = 9078C8D225D3D18900701232 /* PBXContainerItemProxy */;
		};
		9078C93C25D531C800701232 /* PBXTargetDependency */ = {
			isa = PBXTargetDependency;
			target = 906AC5DD25D2DA8600708FB1 /* LeBonCoin */;
			targetProxy = 9078C93B25D531C800701232 /* PBXContainerItemProxy */;
		};
/* End PBXTargetDependency section */

/* Begin PBXVariantGroup section */
		906AC5EC25D2DA8700708FB1 /* LaunchScreen.storyboard */ = {
			isa = PBXVariantGroup;
			children = (
				906AC5ED25D2DA8700708FB1 /* Base */,
			);
			name = LaunchScreen.storyboard;
			sourceTree = "<group>";
		};
/* End PBXVariantGroup section */

/* Begin XCBuildConfiguration section */
		906AC5F025D2DA8700708FB1 /* Debug */ = {
			isa = XCBuildConfiguration;
			buildSettings = {
				ALWAYS_SEARCH_USER_PATHS = NO;
				CLANG_ANALYZER_NONNULL = YES;
				CLANG_ANALYZER_NUMBER_OBJECT_CONVERSION = YES_AGGRESSIVE;
				CLANG_CXX_LANGUAGE_STANDARD = "gnu++14";
				CLANG_CXX_LIBRARY = "libc++";
				CLANG_ENABLE_MODULES = YES;
				CLANG_ENABLE_OBJC_ARC = YES;
				CLANG_ENABLE_OBJC_WEAK = YES;
				CLANG_WARN_BLOCK_CAPTURE_AUTORELEASING = YES;
				CLANG_WARN_BOOL_CONVERSION = YES;
				CLANG_WARN_COMMA = YES;
				CLANG_WARN_CONSTANT_CONVERSION = YES;
				CLANG_WARN_DEPRECATED_OBJC_IMPLEMENTATIONS = YES;
				CLANG_WARN_DIRECT_OBJC_ISA_USAGE = YES_ERROR;
				CLANG_WARN_DOCUMENTATION_COMMENTS = YES;
				CLANG_WARN_EMPTY_BODY = YES;
				CLANG_WARN_ENUM_CONVERSION = YES;
				CLANG_WARN_INFINITE_RECURSION = YES;
				CLANG_WARN_INT_CONVERSION = YES;
				CLANG_WARN_NON_LITERAL_NULL_CONVERSION = YES;
				CLANG_WARN_OBJC_IMPLICIT_RETAIN_SELF = YES;
				CLANG_WARN_OBJC_LITERAL_CONVERSION = YES;
				CLANG_WARN_OBJC_ROOT_CLASS = YES_ERROR;
				CLANG_WARN_QUOTED_INCLUDE_IN_FRAMEWORK_HEADER = YES;
				CLANG_WARN_RANGE_LOOP_ANALYSIS = YES;
				CLANG_WARN_STRICT_PROTOTYPES = YES;
				CLANG_WARN_SUSPICIOUS_MOVE = YES;
				CLANG_WARN_UNGUARDED_AVAILABILITY = YES_AGGRESSIVE;
				CLANG_WARN_UNREACHABLE_CODE = YES;
				CLANG_WARN__DUPLICATE_METHOD_MATCH = YES;
				COPY_PHASE_STRIP = NO;
				DEBUG_INFORMATION_FORMAT = dwarf;
				ENABLE_STRICT_OBJC_MSGSEND = YES;
				ENABLE_TESTABILITY = YES;
				GCC_C_LANGUAGE_STANDARD = gnu11;
				GCC_DYNAMIC_NO_PIC = NO;
				GCC_NO_COMMON_BLOCKS = YES;
				GCC_OPTIMIZATION_LEVEL = 0;
				GCC_PREPROCESSOR_DEFINITIONS = (
					"DEBUG=1",
					"$(inherited)",
				);
				GCC_WARN_64_TO_32_BIT_CONVERSION = YES;
				GCC_WARN_ABOUT_RETURN_TYPE = YES_ERROR;
				GCC_WARN_UNDECLARED_SELECTOR = YES;
				GCC_WARN_UNINITIALIZED_AUTOS = YES_AGGRESSIVE;
				GCC_WARN_UNUSED_FUNCTION = YES;
				GCC_WARN_UNUSED_VARIABLE = YES;
				IPHONEOS_DEPLOYMENT_TARGET = 11.0;
				MTL_ENABLE_DEBUG_INFO = INCLUDE_SOURCE;
				MTL_FAST_MATH = YES;
				ONLY_ACTIVE_ARCH = YES;
				SDKROOT = iphoneos;
				SWIFT_ACTIVE_COMPILATION_CONDITIONS = DEBUG;
				SWIFT_OPTIMIZATION_LEVEL = "-Onone";
			};
			name = Debug;
		};
		906AC5F125D2DA8700708FB1 /* Release */ = {
			isa = XCBuildConfiguration;
			buildSettings = {
				ALWAYS_SEARCH_USER_PATHS = NO;
				CLANG_ANALYZER_NONNULL = YES;
				CLANG_ANALYZER_NUMBER_OBJECT_CONVERSION = YES_AGGRESSIVE;
				CLANG_CXX_LANGUAGE_STANDARD = "gnu++14";
				CLANG_CXX_LIBRARY = "libc++";
				CLANG_ENABLE_MODULES = YES;
				CLANG_ENABLE_OBJC_ARC = YES;
				CLANG_ENABLE_OBJC_WEAK = YES;
				CLANG_WARN_BLOCK_CAPTURE_AUTORELEASING = YES;
				CLANG_WARN_BOOL_CONVERSION = YES;
				CLANG_WARN_COMMA = YES;
				CLANG_WARN_CONSTANT_CONVERSION = YES;
				CLANG_WARN_DEPRECATED_OBJC_IMPLEMENTATIONS = YES;
				CLANG_WARN_DIRECT_OBJC_ISA_USAGE = YES_ERROR;
				CLANG_WARN_DOCUMENTATION_COMMENTS = YES;
				CLANG_WARN_EMPTY_BODY = YES;
				CLANG_WARN_ENUM_CONVERSION = YES;
				CLANG_WARN_INFINITE_RECURSION = YES;
				CLANG_WARN_INT_CONVERSION = YES;
				CLANG_WARN_NON_LITERAL_NULL_CONVERSION = YES;
				CLANG_WARN_OBJC_IMPLICIT_RETAIN_SELF = YES;
				CLANG_WARN_OBJC_LITERAL_CONVERSION = YES;
				CLANG_WARN_OBJC_ROOT_CLASS = YES_ERROR;
				CLANG_WARN_QUOTED_INCLUDE_IN_FRAMEWORK_HEADER = YES;
				CLANG_WARN_RANGE_LOOP_ANALYSIS = YES;
				CLANG_WARN_STRICT_PROTOTYPES = YES;
				CLANG_WARN_SUSPICIOUS_MOVE = YES;
				CLANG_WARN_UNGUARDED_AVAILABILITY = YES_AGGRESSIVE;
				CLANG_WARN_UNREACHABLE_CODE = YES;
				CLANG_WARN__DUPLICATE_METHOD_MATCH = YES;
				COPY_PHASE_STRIP = NO;
				DEBUG_INFORMATION_FORMAT = "dwarf-with-dsym";
				ENABLE_NS_ASSERTIONS = NO;
				ENABLE_STRICT_OBJC_MSGSEND = YES;
				GCC_C_LANGUAGE_STANDARD = gnu11;
				GCC_NO_COMMON_BLOCKS = YES;
				GCC_WARN_64_TO_32_BIT_CONVERSION = YES;
				GCC_WARN_ABOUT_RETURN_TYPE = YES_ERROR;
				GCC_WARN_UNDECLARED_SELECTOR = YES;
				GCC_WARN_UNINITIALIZED_AUTOS = YES_AGGRESSIVE;
				GCC_WARN_UNUSED_FUNCTION = YES;
				GCC_WARN_UNUSED_VARIABLE = YES;
				IPHONEOS_DEPLOYMENT_TARGET = 11.0;
				MTL_ENABLE_DEBUG_INFO = NO;
				MTL_FAST_MATH = YES;
				SDKROOT = iphoneos;
				SWIFT_COMPILATION_MODE = wholemodule;
				SWIFT_OPTIMIZATION_LEVEL = "-O";
				VALIDATE_PRODUCT = YES;
			};
			name = Release;
		};
		906AC5F325D2DA8700708FB1 /* Debug */ = {
			isa = XCBuildConfiguration;
			buildSettings = {
				ALWAYS_EMBED_SWIFT_STANDARD_LIBRARIES = YES;
				ASSETCATALOG_COMPILER_APPICON_NAME = AppIcon;
				ASSETCATALOG_COMPILER_GLOBAL_ACCENT_COLOR_NAME = AccentColor;
				CODE_SIGN_STYLE = Automatic;
				DEVELOPMENT_TEAM = 2P96J23NS3;
				INFOPLIST_FILE = LeBonCoin/Info.plist;
				LD_RUNPATH_SEARCH_PATHS = (
					"$(inherited)",
					"@executable_path/Frameworks",
				);
				PRODUCT_BUNDLE_IDENTIFIER = fr.bryo.LeBonCoin;
				PRODUCT_NAME = "$(TARGET_NAME)";
				SWIFT_VERSION = 5.0;
				TARGETED_DEVICE_FAMILY = "1,2";
			};
			name = Debug;
		};
		906AC5F425D2DA8700708FB1 /* Release */ = {
			isa = XCBuildConfiguration;
			buildSettings = {
				ALWAYS_EMBED_SWIFT_STANDARD_LIBRARIES = YES;
				ASSETCATALOG_COMPILER_APPICON_NAME = AppIcon;
				ASSETCATALOG_COMPILER_GLOBAL_ACCENT_COLOR_NAME = AccentColor;
				CODE_SIGN_STYLE = Automatic;
				DEVELOPMENT_TEAM = 2P96J23NS3;
				INFOPLIST_FILE = LeBonCoin/Info.plist;
				LD_RUNPATH_SEARCH_PATHS = (
					"$(inherited)",
					"@executable_path/Frameworks",
				);
				PRODUCT_BUNDLE_IDENTIFIER = fr.bryo.LeBonCoin;
				PRODUCT_NAME = "$(TARGET_NAME)";
				SWIFT_VERSION = 5.0;
				TARGETED_DEVICE_FAMILY = "1,2";
			};
			name = Release;
		};
		906AC60A25D2E09100708FB1 /* Debug */ = {
			isa = XCBuildConfiguration;
			buildSettings = {
				CLANG_ENABLE_MODULES = YES;
				CODE_SIGN_STYLE = Automatic;
				CURRENT_PROJECT_VERSION = 1;
				DEFINES_MODULE = YES;
				DEVELOPMENT_TEAM = 2P96J23NS3;
				DYLIB_COMPATIBILITY_VERSION = 1;
				DYLIB_CURRENT_VERSION = 1;
				DYLIB_INSTALL_NAME_BASE = "@rpath";
				INFOPLIST_FILE = LBCDataProvider/Info.plist;
				INSTALL_PATH = "$(LOCAL_LIBRARY_DIR)/Frameworks";
				IPHONEOS_DEPLOYMENT_TARGET = 11.0;
				LD_RUNPATH_SEARCH_PATHS = (
					"$(inherited)",
					"@executable_path/Frameworks",
					"@loader_path/Frameworks",
				);
				PRODUCT_BUNDLE_IDENTIFIER = fr.bryo.LBCNetwork;
				PRODUCT_NAME = "$(TARGET_NAME:c99extidentifier)";
				SKIP_INSTALL = YES;
				SUPPORTS_MACCATALYST = NO;
				SWIFT_OPTIMIZATION_LEVEL = "-Onone";
				SWIFT_VERSION = 5.0;
				TARGETED_DEVICE_FAMILY = "1,2";
				VERSIONING_SYSTEM = "apple-generic";
				VERSION_INFO_PREFIX = "";
			};
			name = Debug;
		};
		906AC60B25D2E09100708FB1 /* Release */ = {
			isa = XCBuildConfiguration;
			buildSettings = {
				CLANG_ENABLE_MODULES = YES;
				CODE_SIGN_STYLE = Automatic;
				CURRENT_PROJECT_VERSION = 1;
				DEFINES_MODULE = YES;
				DEVELOPMENT_TEAM = 2P96J23NS3;
				DYLIB_COMPATIBILITY_VERSION = 1;
				DYLIB_CURRENT_VERSION = 1;
				DYLIB_INSTALL_NAME_BASE = "@rpath";
				INFOPLIST_FILE = LBCDataProvider/Info.plist;
				INSTALL_PATH = "$(LOCAL_LIBRARY_DIR)/Frameworks";
				IPHONEOS_DEPLOYMENT_TARGET = 11.0;
				LD_RUNPATH_SEARCH_PATHS = (
					"$(inherited)",
					"@executable_path/Frameworks",
					"@loader_path/Frameworks",
				);
				PRODUCT_BUNDLE_IDENTIFIER = fr.bryo.LBCNetwork;
				PRODUCT_NAME = "$(TARGET_NAME:c99extidentifier)";
				SKIP_INSTALL = YES;
				SUPPORTS_MACCATALYST = NO;
				SWIFT_VERSION = 5.0;
				TARGETED_DEVICE_FAMILY = "1,2";
				VERSIONING_SYSTEM = "apple-generic";
				VERSION_INFO_PREFIX = "";
			};
			name = Release;
		};
		9078C8D525D3D18900701232 /* Debug */ = {
			isa = XCBuildConfiguration;
			buildSettings = {
				CODE_SIGN_STYLE = Automatic;
				DEVELOPMENT_TEAM = 2P96J23NS3;
				INFOPLIST_FILE = LBCDataProviderTests/Info.plist;
				IPHONEOS_DEPLOYMENT_TARGET = 14.4;
				LD_RUNPATH_SEARCH_PATHS = (
					"$(inherited)",
					"@executable_path/Frameworks",
					"@loader_path/Frameworks",
				);
				PRODUCT_BUNDLE_IDENTIFIER = fr.bryo.LBCDataProviderTests;
				PRODUCT_NAME = "$(TARGET_NAME)";
				SWIFT_VERSION = 5.0;
				TARGETED_DEVICE_FAMILY = "1,2";
			};
			name = Debug;
		};
		9078C8D625D3D18900701232 /* Release */ = {
			isa = XCBuildConfiguration;
			buildSettings = {
				CODE_SIGN_STYLE = Automatic;
				DEVELOPMENT_TEAM = 2P96J23NS3;
				INFOPLIST_FILE = LBCDataProviderTests/Info.plist;
				IPHONEOS_DEPLOYMENT_TARGET = 14.4;
				LD_RUNPATH_SEARCH_PATHS = (
					"$(inherited)",
					"@executable_path/Frameworks",
					"@loader_path/Frameworks",
				);
				PRODUCT_BUNDLE_IDENTIFIER = fr.bryo.LBCDataProviderTests;
				PRODUCT_NAME = "$(TARGET_NAME)";
				SWIFT_VERSION = 5.0;
				TARGETED_DEVICE_FAMILY = "1,2";
			};
			name = Release;
		};
		9078C93E25D531C800701232 /* Debug */ = {
			isa = XCBuildConfiguration;
			buildSettings = {
				BUNDLE_LOADER = "$(TEST_HOST)";
				CODE_SIGN_STYLE = Automatic;
				DEVELOPMENT_TEAM = 2P96J23NS3;
				INFOPLIST_FILE = LeBonCoinTests/Info.plist;
				IPHONEOS_DEPLOYMENT_TARGET = 14.4;
				LD_RUNPATH_SEARCH_PATHS = (
					"$(inherited)",
					"@executable_path/Frameworks",
					"@loader_path/Frameworks",
				);
				PRODUCT_BUNDLE_IDENTIFIER = fr.bryo.LeBonCoinTests;
				PRODUCT_NAME = "$(TARGET_NAME)";
				SWIFT_VERSION = 5.0;
				TARGETED_DEVICE_FAMILY = "1,2";
				TEST_HOST = "$(BUILT_PRODUCTS_DIR)/LeBonCoin.app/LeBonCoin";
			};
			name = Debug;
		};
		9078C93F25D531C800701232 /* Release */ = {
			isa = XCBuildConfiguration;
			buildSettings = {
				BUNDLE_LOADER = "$(TEST_HOST)";
				CODE_SIGN_STYLE = Automatic;
				DEVELOPMENT_TEAM = 2P96J23NS3;
				INFOPLIST_FILE = LeBonCoinTests/Info.plist;
				IPHONEOS_DEPLOYMENT_TARGET = 14.4;
				LD_RUNPATH_SEARCH_PATHS = (
					"$(inherited)",
					"@executable_path/Frameworks",
					"@loader_path/Frameworks",
				);
				PRODUCT_BUNDLE_IDENTIFIER = fr.bryo.LeBonCoinTests;
				PRODUCT_NAME = "$(TARGET_NAME)";
				SWIFT_VERSION = 5.0;
				TARGETED_DEVICE_FAMILY = "1,2";
				TEST_HOST = "$(BUILT_PRODUCTS_DIR)/LeBonCoin.app/LeBonCoin";
			};
			name = Release;
		};
/* End XCBuildConfiguration section */

/* Begin XCConfigurationList section */
		906AC5D925D2DA8600708FB1 /* Build configuration list for PBXProject "LeBonCoin" */ = {
			isa = XCConfigurationList;
			buildConfigurations = (
				906AC5F025D2DA8700708FB1 /* Debug */,
				906AC5F125D2DA8700708FB1 /* Release */,
			);
			defaultConfigurationIsVisible = 0;
			defaultConfigurationName = Release;
		};
		906AC5F225D2DA8700708FB1 /* Build configuration list for PBXNativeTarget "LeBonCoin" */ = {
			isa = XCConfigurationList;
			buildConfigurations = (
				906AC5F325D2DA8700708FB1 /* Debug */,
				906AC5F425D2DA8700708FB1 /* Release */,
			);
			defaultConfigurationIsVisible = 0;
			defaultConfigurationName = Release;
		};
		906AC60925D2E09100708FB1 /* Build configuration list for PBXNativeTarget "LBCDataProvider" */ = {
			isa = XCConfigurationList;
			buildConfigurations = (
				906AC60A25D2E09100708FB1 /* Debug */,
				906AC60B25D2E09100708FB1 /* Release */,
			);
			defaultConfigurationIsVisible = 0;
			defaultConfigurationName = Release;
		};
		9078C8D425D3D18900701232 /* Build configuration list for PBXNativeTarget "LBCDataProviderTests" */ = {
			isa = XCConfigurationList;
			buildConfigurations = (
				9078C8D525D3D18900701232 /* Debug */,
				9078C8D625D3D18900701232 /* Release */,
			);
			defaultConfigurationIsVisible = 0;
			defaultConfigurationName = Release;
		};
		9078C93D25D531C800701232 /* Build configuration list for PBXNativeTarget "LeBonCoinTests" */ = {
			isa = XCConfigurationList;
			buildConfigurations = (
				9078C93E25D531C800701232 /* Debug */,
				9078C93F25D531C800701232 /* Release */,
			);
			defaultConfigurationIsVisible = 0;
			defaultConfigurationName = Release;
		};
/* End XCConfigurationList section */
	};
	rootObject = 906AC5D625D2DA8600708FB1 /* Project object */;
}
